
Microsoft Visual Studio Solution File, Format Version 12.00
# Visual Studio Version 17
VisualStudioVersion = 17.0.31903.59
MinimumVisualStudioVersion = 10.0.40219.1
Project("{FAE04EC0-301F-11D3-BF4B-00C04F79EFBC}") = "API", "API\API.csproj", "{8E9A780D-48CC-4869-88C1-EF8C25C7B6DD}"
EndProject
Project("{FAE04EC0-301F-11D3-BF4B-00C04F79EFBC}") = "Application", "Application\Application.csproj", "{5E98E21F-0F0C-42DC-9C7F-1EF4909AAAD9}"
EndProject
Project("{FAE04EC0-301F-11D3-BF4B-00C04F79EFBC}") = "Domain", "Domain\Domain.csproj", "{282244C4-E570-4DDB-9FDC-0B5410ECEBEA}"
EndProject
Project("{FAE04EC0-301F-11D3-BF4B-00C04F79EFBC}") = "Persistence", "Persistence\Persistence.csproj", "{1C287480-727C-44BD-9762-6AC9E7B76A3D}"
EndProject
Global
	GlobalSection(SolutionConfigurationPlatforms) = preSolution
		Debug|Any CPU = Debug|Any CPU
		Release|Any CPU = Release|Any CPU
	EndGlobalSection
	GlobalSection(SolutionProperties) = preSolution
		HideSolutionNode = FALSE
	EndGlobalSection
	GlobalSection(ProjectConfigurationPlatforms) = postSolution
		{8E9A780D-48CC-4869-88C1-EF8C25C7B6DD}.Debug|Any CPU.ActiveCfg = Debug|Any CPU
		{8E9A780D-48CC-4869-88C1-EF8C25C7B6DD}.Debug|Any CPU.Build.0 = Debug|Any CPU
		{8E9A780D-48CC-4869-88C1-EF8C25C7B6DD}.Release|Any CPU.ActiveCfg = Release|Any CPU
		{8E9A780D-48CC-4869-88C1-EF8C25C7B6DD}.Release|Any CPU.Build.0 = Release|Any CPU
		{5E98E21F-0F0C-42DC-9C7F-1EF4909AAAD9}.Debug|Any CPU.ActiveCfg = Debug|Any CPU
		{5E98E21F-0F0C-42DC-9C7F-1EF4909AAAD9}.Debug|Any CPU.Build.0 = Debug|Any CPU
		{5E98E21F-0F0C-42DC-9C7F-1EF4909AAAD9}.Release|Any CPU.ActiveCfg = Release|Any CPU
		{5E98E21F-0F0C-42DC-9C7F-1EF4909AAAD9}.Release|Any CPU.Build.0 = Release|Any CPU
		{282244C4-E570-4DDB-9FDC-0B5410ECEBEA}.Debug|Any CPU.ActiveCfg = Debug|Any CPU
		{282244C4-E570-4DDB-9FDC-0B5410ECEBEA}.Debug|Any CPU.Build.0 = Debug|Any CPU
		{282244C4-E570-4DDB-9FDC-0B5410ECEBEA}.Release|Any CPU.ActiveCfg = Release|Any CPU
		{282244C4-E570-4DDB-9FDC-0B5410ECEBEA}.Release|Any CPU.Build.0 = Release|Any CPU
		{1C287480-727C-44BD-9762-6AC9E7B76A3D}.Debug|Any CPU.ActiveCfg = Debug|Any CPU
		{1C287480-727C-44BD-9762-6AC9E7B76A3D}.Debug|Any CPU.Build.0 = Debug|Any CPU
		{1C287480-727C-44BD-9762-6AC9E7B76A3D}.Release|Any CPU.ActiveCfg = Release|Any CPU
		{1C287480-727C-44BD-9762-6AC9E7B76A3D}.Release|Any CPU.Build.0 = Release|Any CPU
	EndGlobalSection
EndGlobal
